// !$*UTF8*$!
{
	archiveVersion = 1;
	classes = {
	};
	objectVersion = 46;
	objects = {

/* Begin PBXBuildFile section */
		E353DD6A1CEE165A00D18932 /* PhotoSliderViewController.swift in Sources */ = {isa = PBXBuildFile; fileRef = E353DD691CEE165A00D18932 /* PhotoSliderViewController.swift */; };
		E353DD6C1CEE16CC00D18932 /* ScenarioPhotos.xcassets in Resources */ = {isa = PBXBuildFile; fileRef = E353DD6B1CEE16CC00D18932 /* ScenarioPhotos.xcassets */; };
		E353DD6E1CEE3EDB00D18932 /* UIViewExtensions.swift in Sources */ = {isa = PBXBuildFile; fileRef = E353DD6D1CEE3EDB00D18932 /* UIViewExtensions.swift */; };
		E353DD711CEF482100D18932 /* Scenario1Photos.xcassets in Resources */ = {isa = PBXBuildFile; fileRef = E353DD701CEF482100D18932 /* Scenario1Photos.xcassets */; };
		E353DD731CEF483E00D18932 /* Scenario2Photos.xcassets in Resources */ = {isa = PBXBuildFile; fileRef = E353DD721CEF483E00D18932 /* Scenario2Photos.xcassets */; };
		E353DD751CEF48E000D18932 /* WKCS.plist in Resources */ = {isa = PBXBuildFile; fileRef = E353DD741CEF48E000D18932 /* WKCS.plist */; };
		E353DD771CEF49C000D18932 /* LargeImageViewController.swift in Sources */ = {isa = PBXBuildFile; fileRef = E353DD761CEF49C000D18932 /* LargeImageViewController.swift */; };
		E353DD791CEF4A3F00D18932 /* BaseViewController.swift in Sources */ = {isa = PBXBuildFile; fileRef = E353DD781CEF4A3F00D18932 /* BaseViewController.swift */; };
		E353DD7B1CEF4AEF00D18932 /* Constants.swift in Sources */ = {isa = PBXBuildFile; fileRef = E353DD7A1CEF4AEF00D18932 /* Constants.swift */; };
		E353DD7E1CEF4BFD00D18932 /* FlowController.swift in Sources */ = {isa = PBXBuildFile; fileRef = E353DD7D1CEF4BFD00D18932 /* FlowController.swift */; };
		E3F93ED31CECA48D00CCBFFF /* AppDelegate.swift in Sources */ = {isa = PBXBuildFile; fileRef = E3F93ED21CECA48D00CCBFFF /* AppDelegate.swift */; };
		E3F93ED51CECA48D00CCBFFF /* LoginViewController.swift in Sources */ = {isa = PBXBuildFile; fileRef = E3F93ED41CECA48D00CCBFFF /* LoginViewController.swift */; };
		E3F93ED81CECA48D00CCBFFF /* Main.storyboard in Resources */ = {isa = PBXBuildFile; fileRef = E3F93ED61CECA48D00CCBFFF /* Main.storyboard */; };
		E3F93EDA1CECA48D00CCBFFF /* Assets.xcassets in Resources */ = {isa = PBXBuildFile; fileRef = E3F93ED91CECA48D00CCBFFF /* Assets.xcassets */; };
		E3F93EDD1CECA48D00CCBFFF /* LaunchScreen.storyboard in Resources */ = {isa = PBXBuildFile; fileRef = E3F93EDB1CECA48D00CCBFFF /* LaunchScreen.storyboard */; };
		E3F93EE61CECA4E800CCBFFF /* NibDesignable.swift in Sources */ = {isa = PBXBuildFile; fileRef = E3F93EE51CECA4E800CCBFFF /* NibDesignable.swift */; };
		E3F93EE81CECA50800CCBFFF /* BackgroundView.xib in Resources */ = {isa = PBXBuildFile; fileRef = E3F93EE71CECA50800CCBFFF /* BackgroundView.xib */; };
		E3F93EEA1CECA55B00CCBFFF /* BackgroundView.swift in Sources */ = {isa = PBXBuildFile; fileRef = E3F93EE91CECA55B00CCBFFF /* BackgroundView.swift */; };
		E3F93EED1CECF90000CCBFFF /* AnswerTheCallViewController.swift in Sources */ = {isa = PBXBuildFile; fileRef = E3F93EEC1CECF90000CCBFFF /* AnswerTheCallViewController.swift */; };
		E3F93EEF1CED691100CCBFFF /* phone-ringing.mp3 in Resources */ = {isa = PBXBuildFile; fileRef = E3F93EEE1CED691000CCBFFF /* phone-ringing.mp3 */; };
		E3F93EF21CEDEFA200CCBFFF /* the-call.m4a in Resources */ = {isa = PBXBuildFile; fileRef = E3F93EF11CEDEFA200CCBFFF /* the-call.m4a */; };
		E3F93EF61CEE0C0700CCBFFF /* PhotoSlider.xib in Resources */ = {isa = PBXBuildFile; fileRef = E3F93EF51CEE0C0700CCBFFF /* PhotoSlider.xib */; };
		E3F93EFA1CEE0CEA00CCBFFF /* UIRoundedCornerView.swift in Sources */ = {isa = PBXBuildFile; fileRef = E3F93EF91CEE0CEA00CCBFFF /* UIRoundedCornerView.swift */; };
		E3F93EFC1CEE0DEC00CCBFFF /* PhotoSlider.swift in Sources */ = {isa = PBXBuildFile; fileRef = E3F93EFB1CEE0DEC00CCBFFF /* PhotoSlider.swift */; };
/* End PBXBuildFile section */

/* Begin PBXFileReference section */
		E353DD691CEE165A00D18932 /* PhotoSliderViewController.swift */ = {isa = PBXFileReference; fileEncoding = 4; lastKnownFileType = sourcecode.swift; path = PhotoSliderViewController.swift; sourceTree = "<group>"; };
		E353DD6B1CEE16CC00D18932 /* ScenarioPhotos.xcassets */ = {isa = PBXFileReference; lastKnownFileType = folder.assetcatalog; name = ScenarioPhotos.xcassets; path = ../ScenarioPhotos.xcassets; sourceTree = "<group>"; };
		E353DD6D1CEE3EDB00D18932 /* UIViewExtensions.swift */ = {isa = PBXFileReference; fileEncoding = 4; lastKnownFileType = sourcecode.swift; path = UIViewExtensions.swift; sourceTree = "<group>"; };
		E353DD701CEF482100D18932 /* Scenario1Photos.xcassets */ = {isa = PBXFileReference; lastKnownFileType = folder.assetcatalog; path = Scenario1Photos.xcassets; sourceTree = "<group>"; };
		E353DD721CEF483E00D18932 /* Scenario2Photos.xcassets */ = {isa = PBXFileReference; lastKnownFileType = folder.assetcatalog; path = Scenario2Photos.xcassets; sourceTree = "<group>"; };
		E353DD741CEF48E000D18932 /* WKCS.plist */ = {isa = PBXFileReference; fileEncoding = 4; lastKnownFileType = text.plist.xml; path = WKCS.plist; sourceTree = "<group>"; };
		E353DD761CEF49C000D18932 /* LargeImageViewController.swift */ = {isa = PBXFileReference; fileEncoding = 4; lastKnownFileType = sourcecode.swift; path = LargeImageViewController.swift; sourceTree = "<group>"; };
		E353DD781CEF4A3F00D18932 /* BaseViewController.swift */ = {isa = PBXFileReference; fileEncoding = 4; lastKnownFileType = sourcecode.swift; path = BaseViewController.swift; sourceTree = "<group>"; };
		E353DD7A1CEF4AEF00D18932 /* Constants.swift */ = {isa = PBXFileReference; fileEncoding = 4; lastKnownFileType = sourcecode.swift; path = Constants.swift; sourceTree = "<group>"; };
		E353DD7D1CEF4BFD00D18932 /* FlowController.swift */ = {isa = PBXFileReference; fileEncoding = 4; lastKnownFileType = sourcecode.swift; path = FlowController.swift; sourceTree = "<group>"; };
		E3F93ECF1CECA48D00CCBFFF /* WKCS.app */ = {isa = PBXFileReference; explicitFileType = wrapper.application; includeInIndex = 0; path = WKCS.app; sourceTree = BUILT_PRODUCTS_DIR; };
		E3F93ED21CECA48D00CCBFFF /* AppDelegate.swift */ = {isa = PBXFileReference; lastKnownFileType = sourcecode.swift; path = AppDelegate.swift; sourceTree = "<group>"; };
		E3F93ED41CECA48D00CCBFFF /* LoginViewController.swift */ = {isa = PBXFileReference; lastKnownFileType = sourcecode.swift; path = LoginViewController.swift; sourceTree = "<group>"; };
		E3F93ED71CECA48D00CCBFFF /* Base */ = {isa = PBXFileReference; lastKnownFileType = file.storyboard; name = Base; path = Base.lproj/Main.storyboard; sourceTree = "<group>"; };
		E3F93ED91CECA48D00CCBFFF /* Assets.xcassets */ = {isa = PBXFileReference; lastKnownFileType = folder.assetcatalog; path = Assets.xcassets; sourceTree = "<group>"; };
		E3F93EDC1CECA48D00CCBFFF /* Base */ = {isa = PBXFileReference; lastKnownFileType = file.storyboard; name = Base; path = Base.lproj/LaunchScreen.storyboard; sourceTree = "<group>"; };
		E3F93EDE1CECA48D00CCBFFF /* Info.plist */ = {isa = PBXFileReference; lastKnownFileType = text.plist.xml; path = Info.plist; sourceTree = "<group>"; };
		E3F93EE51CECA4E800CCBFFF /* NibDesignable.swift */ = {isa = PBXFileReference; fileEncoding = 4; lastKnownFileType = sourcecode.swift; path = NibDesignable.swift; sourceTree = "<group>"; };
		E3F93EE71CECA50800CCBFFF /* BackgroundView.xib */ = {isa = PBXFileReference; fileEncoding = 4; lastKnownFileType = file.xib; path = BackgroundView.xib; sourceTree = "<group>"; };
		E3F93EE91CECA55B00CCBFFF /* BackgroundView.swift */ = {isa = PBXFileReference; fileEncoding = 4; lastKnownFileType = sourcecode.swift; path = BackgroundView.swift; sourceTree = "<group>"; };
		E3F93EEC1CECF90000CCBFFF /* AnswerTheCallViewController.swift */ = {isa = PBXFileReference; fileEncoding = 4; lastKnownFileType = sourcecode.swift; path = AnswerTheCallViewController.swift; sourceTree = "<group>"; };
		E3F93EEE1CED691000CCBFFF /* phone-ringing.mp3 */ = {isa = PBXFileReference; lastKnownFileType = audio.mp3; path = "phone-ringing.mp3"; sourceTree = "<group>"; };
		E3F93EF11CEDEFA200CCBFFF /* the-call.m4a */ = {isa = PBXFileReference; lastKnownFileType = file; path = "the-call.m4a"; sourceTree = "<group>"; };
		E3F93EF51CEE0C0700CCBFFF /* PhotoSlider.xib */ = {isa = PBXFileReference; fileEncoding = 4; lastKnownFileType = file.xib; path = PhotoSlider.xib; sourceTree = "<group>"; };
		E3F93EF91CEE0CEA00CCBFFF /* UIRoundedCornerView.swift */ = {isa = PBXFileReference; fileEncoding = 4; lastKnownFileType = sourcecode.swift; path = UIRoundedCornerView.swift; sourceTree = "<group>"; };
		E3F93EFB1CEE0DEC00CCBFFF /* PhotoSlider.swift */ = {isa = PBXFileReference; fileEncoding = 4; lastKnownFileType = sourcecode.swift; path = PhotoSlider.swift; sourceTree = "<group>"; };
/* End PBXFileReference section */

/* Begin PBXFrameworksBuildPhase section */
		E3F93ECC1CECA48D00CCBFFF /* Frameworks */ = {
			isa = PBXFrameworksBuildPhase;
			buildActionMask = 2147483647;
			files = (
			);
			runOnlyForDeploymentPostprocessing = 0;
		};
/* End PBXFrameworksBuildPhase section */

/* Begin PBXGroup section */
		E353DD6F1CEF480300D18932 /* Data */ = {
			isa = PBXGroup;
			children = (
				E353DD741CEF48E000D18932 /* WKCS.plist */,
				E353DD701CEF482100D18932 /* Scenario1Photos.xcassets */,
				E353DD721CEF483E00D18932 /* Scenario2Photos.xcassets */,
			);
			name = Data;
			sourceTree = "<group>";
		};
		E353DD7C1CEF4BEE00D18932 /* Model */ = {
			isa = PBXGroup;
			children = (
				E353DD7D1CEF4BFD00D18932 /* FlowController.swift */,
			);
			name = Model;
			sourceTree = "<group>";
		};
		E3F93EC61CECA48C00CCBFFF = {
			isa = PBXGroup;
			children = (
				E3F93ED11CECA48D00CCBFFF /* WKCS */,
				E3F93ED01CECA48D00CCBFFF /* Products */,
			);
			sourceTree = "<group>";
		};
		E3F93ED01CECA48D00CCBFFF /* Products */ = {
			isa = PBXGroup;
			children = (
				E3F93ECF1CECA48D00CCBFFF /* WKCS.app */,
			);
			name = Products;
			sourceTree = "<group>";
		};
		E3F93ED11CECA48D00CCBFFF /* WKCS */ = {
			isa = PBXGroup;
			children = (
				E353DD7C1CEF4BEE00D18932 /* Model */,
				E353DD6F1CEF480300D18932 /* Data */,
				E3F93EF01CEDEF9300CCBFFF /* Audio */,
				E3F93EEB1CECB99500CCBFFF /* View Controllers */,
				E3F93EE41CECA4D700CCBFFF /* Views */,
				E3F93ED21CECA48D00CCBFFF /* AppDelegate.swift */,
				E3F93ED61CECA48D00CCBFFF /* Main.storyboard */,
				E3F93ED91CECA48D00CCBFFF /* Assets.xcassets */,
				E353DD6B1CEE16CC00D18932 /* ScenarioPhotos.xcassets */,
				E3F93EDB1CECA48D00CCBFFF /* LaunchScreen.storyboard */,
				E3F93EDE1CECA48D00CCBFFF /* Info.plist */,
				E353DD7A1CEF4AEF00D18932 /* Constants.swift */,
			);
			path = WKCS;
			sourceTree = "<group>";
		};
		E3F93EE41CECA4D700CCBFFF /* Views */ = {
			isa = PBXGroup;
			children = (
				E3F93EE51CECA4E800CCBFFF /* NibDesignable.swift */,
				E3F93EE71CECA50800CCBFFF /* BackgroundView.xib */,
				E3F93EE91CECA55B00CCBFFF /* BackgroundView.swift */,
				E3F93EF51CEE0C0700CCBFFF /* PhotoSlider.xib */,
				E3F93EFB1CEE0DEC00CCBFFF /* PhotoSlider.swift */,
				E3F93EF91CEE0CEA00CCBFFF /* UIRoundedCornerView.swift */,
				E353DD6D1CEE3EDB00D18932 /* UIViewExtensions.swift */,
			);
			name = Views;
			sourceTree = "<group>";
		};
		E3F93EEB1CECB99500CCBFFF /* View Controllers */ = {
			isa = PBXGroup;
			children = (
				E3F93ED41CECA48D00CCBFFF /* LoginViewController.swift */,
				E3F93EEC1CECF90000CCBFFF /* AnswerTheCallViewController.swift */,
				E353DD691CEE165A00D18932 /* PhotoSliderViewController.swift */,
				E353DD761CEF49C000D18932 /* LargeImageViewController.swift */,
				E353DD781CEF4A3F00D18932 /* BaseViewController.swift */,
			);
			name = "View Controllers";
			sourceTree = "<group>";
		};
		E3F93EF01CEDEF9300CCBFFF /* Audio */ = {
			isa = PBXGroup;
			children = (
				E3F93EF11CEDEFA200CCBFFF /* the-call.m4a */,
				E3F93EEE1CED691000CCBFFF /* phone-ringing.mp3 */,
			);
			name = Audio;
			sourceTree = "<group>";
		};
/* End PBXGroup section */

/* Begin PBXNativeTarget section */
		E3F93ECE1CECA48D00CCBFFF /* WKCS */ = {
			isa = PBXNativeTarget;
			buildConfigurationList = E3F93EE11CECA48D00CCBFFF /* Build configuration list for PBXNativeTarget "WKCS" */;
			buildPhases = (
				E3F93ECB1CECA48D00CCBFFF /* Sources */,
				E3F93ECC1CECA48D00CCBFFF /* Frameworks */,
				E3F93ECD1CECA48D00CCBFFF /* Resources */,
			);
			buildRules = (
			);
			dependencies = (
			);
			name = WKCS;
			productName = WKCS;
			productReference = E3F93ECF1CECA48D00CCBFFF /* WKCS.app */;
			productType = "com.apple.product-type.application";
		};
/* End PBXNativeTarget section */

/* Begin PBXProject section */
		E3F93EC71CECA48C00CCBFFF /* Project object */ = {
			isa = PBXProject;
			attributes = {
				LastSwiftUpdateCheck = 0730;
				LastUpgradeCheck = 0730;
				ORGANIZATIONNAME = "vantege, inc";
				TargetAttributes = {
					E3F93ECE1CECA48D00CCBFFF = {
						CreatedOnToolsVersion = 7.3;
					};
				};
			};
			buildConfigurationList = E3F93ECA1CECA48C00CCBFFF /* Build configuration list for PBXProject "WKCS" */;
			compatibilityVersion = "Xcode 3.2";
			developmentRegion = English;
			hasScannedForEncodings = 0;
			knownRegions = (
				en,
				Base,
			);
			mainGroup = E3F93EC61CECA48C00CCBFFF;
			productRefGroup = E3F93ED01CECA48D00CCBFFF /* Products */;
			projectDirPath = "";
			projectRoot = "";
			targets = (
				E3F93ECE1CECA48D00CCBFFF /* WKCS */,
			);
		};
/* End PBXProject section */

/* Begin PBXResourcesBuildPhase section */
		E3F93ECD1CECA48D00CCBFFF /* Resources */ = {
			isa = PBXResourcesBuildPhase;
			buildActionMask = 2147483647;
			files = (
				E3F93EF61CEE0C0700CCBFFF /* PhotoSlider.xib in Resources */,
				E3F93EEF1CED691100CCBFFF /* phone-ringing.mp3 in Resources */,
				E3F93EDD1CECA48D00CCBFFF /* LaunchScreen.storyboard in Resources */,
				E3F93EF21CEDEFA200CCBFFF /* the-call.m4a in Resources */,
				E353DD6C1CEE16CC00D18932 /* ScenarioPhotos.xcassets in Resources */,
				E353DD751CEF48E000D18932 /* WKCS.plist in Resources */,
				E3F93EDA1CECA48D00CCBFFF /* Assets.xcassets in Resources */,
				E3F93EE81CECA50800CCBFFF /* BackgroundView.xib in Resources */,
				E353DD731CEF483E00D18932 /* Scenario2Photos.xcassets in Resources */,
				E353DD711CEF482100D18932 /* Scenario1Photos.xcassets in Resources */,
				E3F93ED81CECA48D00CCBFFF /* Main.storyboard in Resources */,
			);
			runOnlyForDeploymentPostprocessing = 0;
		};
/* End PBXResourcesBuildPhase section */

/* Begin PBXSourcesBuildPhase section */
		E3F93ECB1CECA48D00CCBFFF /* Sources */ = {
			isa = PBXSourcesBuildPhase;
			buildActionMask = 2147483647;
			files = (
				E353DD771CEF49C000D18932 /* LargeImageViewController.swift in Sources */,
				E3F93ED51CECA48D00CCBFFF /* LoginViewController.swift in Sources */,
				E353DD791CEF4A3F00D18932 /* BaseViewController.swift in Sources */,
				E3F93EE61CECA4E800CCBFFF /* NibDesignable.swift in Sources */,
				E3F93EEA1CECA55B00CCBFFF /* BackgroundView.swift in Sources */,
				E3F93ED31CECA48D00CCBFFF /* AppDelegate.swift in Sources */,
				E3F93EED1CECF90000CCBFFF /* AnswerTheCallViewController.swift in Sources */,
				E3F93EFC1CEE0DEC00CCBFFF /* PhotoSlider.swift in Sources */,
				E353DD7E1CEF4BFD00D18932 /* FlowController.swift in Sources */,
				E353DD6A1CEE165A00D18932 /* PhotoSliderViewController.swift in Sources */,
				E353DD6E1CEE3EDB00D18932 /* UIViewExtensions.swift in Sources */,
				E3F93EFA1CEE0CEA00CCBFFF /* UIRoundedCornerView.swift in Sources */,
				E353DD7B1CEF4AEF00D18932 /* Constants.swift in Sources */,
			);
			runOnlyForDeploymentPostprocessing = 0;
		};
/* End PBXSourcesBuildPhase section */

/* Begin PBXVariantGroup section */
		E3F93ED61CECA48D00CCBFFF /* Main.storyboard */ = {
			isa = PBXVariantGroup;
			children = (
				E3F93ED71CECA48D00CCBFFF /* Base */,
			);
			name = Main.storyboard;
			sourceTree = "<group>";
		};
		E3F93EDB1CECA48D00CCBFFF /* LaunchScreen.storyboard */ = {
			isa = PBXVariantGroup;
			children = (
				E3F93EDC1CECA48D00CCBFFF /* Base */,
			);
			name = LaunchScreen.storyboard;
			sourceTree = "<group>";
		};
/* End PBXVariantGroup section */

/* Begin XCBuildConfiguration section */
		E3F93EDF1CECA48D00CCBFFF /* Debug */ = {
			isa = XCBuildConfiguration;
			buildSettings = {
				ALWAYS_SEARCH_USER_PATHS = NO;
				CLANG_ANALYZER_NONNULL = YES;
				CLANG_CXX_LANGUAGE_STANDARD = "gnu++0x";
				CLANG_CXX_LIBRARY = "libc++";
				CLANG_ENABLE_MODULES = YES;
				CLANG_ENABLE_OBJC_ARC = YES;
				CLANG_WARN_BOOL_CONVERSION = YES;
				CLANG_WARN_CONSTANT_CONVERSION = YES;
				CLANG_WARN_DIRECT_OBJC_ISA_USAGE = YES_ERROR;
				CLANG_WARN_EMPTY_BODY = YES;
				CLANG_WARN_ENUM_CONVERSION = YES;
				CLANG_WARN_INT_CONVERSION = YES;
				CLANG_WARN_OBJC_ROOT_CLASS = YES_ERROR;
				CLANG_WARN_UNREACHABLE_CODE = YES;
				CLANG_WARN__DUPLICATE_METHOD_MATCH = YES;
				"CODE_SIGN_IDENTITY[sdk=iphoneos*]" = "iPhone Developer";
				COPY_PHASE_STRIP = NO;
				DEBUG_INFORMATION_FORMAT = dwarf;
				ENABLE_STRICT_OBJC_MSGSEND = YES;
				ENABLE_TESTABILITY = YES;
				GCC_C_LANGUAGE_STANDARD = gnu99;
				GCC_DYNAMIC_NO_PIC = NO;
				GCC_NO_COMMON_BLOCKS = YES;
				GCC_OPTIMIZATION_LEVEL = 0;
				GCC_PREPROCESSOR_DEFINITIONS = (
					"DEBUG=1",
					"$(inherited)",
				);
				GCC_WARN_64_TO_32_BIT_CONVERSION = YES;
				GCC_WARN_ABOUT_RETURN_TYPE = YES_ERROR;
				GCC_WARN_UNDECLARED_SELECTOR = YES;
				GCC_WARN_UNINITIALIZED_AUTOS = YES_AGGRESSIVE;
				GCC_WARN_UNUSED_FUNCTION = YES;
				GCC_WARN_UNUSED_VARIABLE = YES;
				IPHONEOS_DEPLOYMENT_TARGET = 9.3;
				MTL_ENABLE_DEBUG_INFO = YES;
				ONLY_ACTIVE_ARCH = YES;
				SDKROOT = iphoneos;
				SWIFT_OPTIMIZATION_LEVEL = "-Onone";
				TARGETED_DEVICE_FAMILY = 2;
			};
			name = Debug;
		};
		E3F93EE01CECA48D00CCBFFF /* Release */ = {
			isa = XCBuildConfiguration;
			buildSettings = {
				ALWAYS_SEARCH_USER_PATHS = NO;
				CLANG_ANALYZER_NONNULL = YES;
				CLANG_CXX_LANGUAGE_STANDARD = "gnu++0x";
				CLANG_CXX_LIBRARY = "libc++";
				CLANG_ENABLE_MODULES = YES;
				CLANG_ENABLE_OBJC_ARC = YES;
				CLANG_WARN_BOOL_CONVERSION = YES;
				CLANG_WARN_CONSTANT_CONVERSION = YES;
				CLANG_WARN_DIRECT_OBJC_ISA_USAGE = YES_ERROR;
				CLANG_WARN_EMPTY_BODY = YES;
				CLANG_WARN_ENUM_CONVERSION = YES;
				CLANG_WARN_INT_CONVERSION = YES;
				CLANG_WARN_OBJC_ROOT_CLASS = YES_ERROR;
				CLANG_WARN_UNREACHABLE_CODE = YES;
				CLANG_WARN__DUPLICATE_METHOD_MATCH = YES;
				"CODE_SIGN_IDENTITY[sdk=iphoneos*]" = "iPhone Developer";
				COPY_PHASE_STRIP = NO;
				DEBUG_INFORMATION_FORMAT = "dwarf-with-dsym";
				ENABLE_NS_ASSERTIONS = NO;
				ENABLE_STRICT_OBJC_MSGSEND = YES;
				GCC_C_LANGUAGE_STANDARD = gnu99;
				GCC_NO_COMMON_BLOCKS = YES;
				GCC_WARN_64_TO_32_BIT_CONVERSION = YES;
				GCC_WARN_ABOUT_RETURN_TYPE = YES_ERROR;
				GCC_WARN_UNDECLARED_SELECTOR = YES;
				GCC_WARN_UNINITIALIZED_AUTOS = YES_AGGRESSIVE;
				GCC_WARN_UNUSED_FUNCTION = YES;
				GCC_WARN_UNUSED_VARIABLE = YES;
				IPHONEOS_DEPLOYMENT_TARGET = 9.3;
				MTL_ENABLE_DEBUG_INFO = NO;
				SDKROOT = iphoneos;
				TARGETED_DEVICE_FAMILY = 2;
				VALIDATE_PRODUCT = YES;
			};
			name = Release;
		};
		E3F93EE21CECA48D00CCBFFF /* Debug */ = {
			isa = XCBuildConfiguration;
			buildSettings = {
				ASSETCATALOG_COMPILER_APPICON_NAME = AppIcon;
				INFOPLIST_FILE = WKCS/Info.plist;
				LD_RUNPATH_SEARCH_PATHS = "$(inherited) @executable_path/Frameworks";
				PRODUCT_BUNDLE_IDENTIFIER = com.vantege.WKCS;
				PRODUCT_NAME = "$(TARGET_NAME)";
			};
			name = Debug;
		};
		E3F93EE31CECA48D00CCBFFF /* Release */ = {
			isa = XCBuildConfiguration;
			buildSettings = {
				ASSETCATALOG_COMPILER_APPICON_NAME = AppIcon;
				INFOPLIST_FILE = WKCS/Info.plist;
				LD_RUNPATH_SEARCH_PATHS = "$(inherited) @executable_path/Frameworks";
				PRODUCT_BUNDLE_IDENTIFIER = com.vantege.WKCS;
				PRODUCT_NAME = "$(TARGET_NAME)";
			};
			name = Release;
		};
/* End XCBuildConfiguration section */

/* Begin XCConfigurationList section */
		E3F93ECA1CECA48C00CCBFFF /* Build configuration list for PBXProject "WKCS" */ = {
			isa = XCConfigurationList;
			buildConfigurations = (
				E3F93EDF1CECA48D00CCBFFF /* Debug */,
				E3F93EE01CECA48D00CCBFFF /* Release */,
			);
			defaultConfigurationIsVisible = 0;
			defaultConfigurationName = Release;
		};
		E3F93EE11CECA48D00CCBFFF /* Build configuration list for PBXNativeTarget "WKCS" */ = {
			isa = XCConfigurationList;
			buildConfigurations = (
				E3F93EE21CECA48D00CCBFFF /* Debug */,
				E3F93EE31CECA48D00CCBFFF /* Release */,
			);
			defaultConfigurationIsVisible = 0;
			defaultConfigurationName = Release;
		};
/* End XCConfigurationList section */
	};
	rootObject = E3F93EC71CECA48C00CCBFFF /* Project object */;
}
